// !$*UTF8*$!
{
    archiveVersion = 1;
    classes = {};
    objectVersion = 56;
    objects = {
        A00000000000000000000001 = {isa = PBXProject; attributes = {LastUpgradeCheck = 2600; TargetAttributes = {A00000000000000000000002 = {CreatedOnToolsVersion = 26.0; }; A00000000000000000000050 = {CreatedOnToolsVersion = 26.0; TestTargetID = A00000000000000000000002; }; }; }; buildConfigurationList = A00000000000000000000010; compatibilityVersion = "Xcode 14.0"; developmentRegion = en; hasScannedForEncodings = 0; knownRegions = (en, Base); mainGroup = A00000000000000000000003; packageReferences = (A00000000000000000000030); productRefGroup = A00000000000000000000005; projectDirPath = ""; projectRoot = ""; targets = (A00000000000000000000002, A00000000000000000000050); };
        A00000000000000000000002 = {isa = PBXNativeTarget; buildConfigurationList = A00000000000000000000011; buildPhases = (A00000000000000000000006, A00000000000000000000007, A00000000000000000000008); buildRules = (); dependencies = (); name = AssistantPhone; packageProductDependencies = (A00000000000000000000031, A00000000000000000000032, A00000000000000000000033); productName = AssistantPhone; productReference = A00000000000000000000009; productType = "com.apple.product-type.application"; };
        A00000000000000000000003 = {isa = PBXGroup; children = (A00000000000000000000004, A00000000000000000000005, A00000000000000000000054); sourceTree = "<group>"; };
        A00000000000000000000004 = {isa = PBXGroup; children = (A00000000000000000000020, A00000000000000000000021, A00000000000000000000022, A00000000000000000000023, A00000000000000000000024); path = AssistantPhone; sourceTree = "<group>"; };
        A00000000000000000000005 = {isa = PBXGroup; children = (A00000000000000000000009, A00000000000000000000053); name = Products; sourceTree = "<group>"; };
        A00000000000000000000006 = {isa = PBXSourcesBuildPhase; buildActionMask = 2147483647; files = (A00000000000000000000040, A00000000000000000000041, A00000000000000000000042); runOnlyForDeploymentPostprocessing = 0; };
        A00000000000000000000007 = {isa = PBXFrameworksBuildPhase; buildActionMask = 2147483647; files = (A00000000000000000000043, A00000000000000000000044, A00000000000000000000045); runOnlyForDeploymentPostprocessing = 0; };
        A00000000000000000000008 = {isa = PBXResourcesBuildPhase; buildActionMask = 2147483647; files = (); runOnlyForDeploymentPostprocessing = 0; };
        A00000000000000000000009 = {isa = PBXFileReference; explicitFileType = wrapper.application; includeInIndex = 0; path = AssistantPhone.app; sourceTree = BUILT_PRODUCTS_DIR; };
        A00000000000000000000010 = {isa = XCConfigurationList; buildConfigurations = (A00000000000000000000012, A00000000000000000000013); defaultConfigurationIsVisible = 0; defaultConfigurationName = Release; };
        A00000000000000000000011 = {isa = XCConfigurationList; buildConfigurations = (A00000000000000000000014, A00000000000000000000015); defaultConfigurationIsVisible = 0; defaultConfigurationName = Release; };
        A00000000000000000000012 = {isa = XCBuildConfiguration; name = Debug; buildSettings = {CLANG_ENABLE_MODULES = YES; IPHONEOS_DEPLOYMENT_TARGET = 26.0; SDKROOT = iphoneos; SWIFT_VERSION = 6.0; SWIFT_OPTIMIZATION_LEVEL = "-Onone"; DEBUG_INFORMATION_FORMAT = dwarf; }; };
        A00000000000000000000013 = {isa = XCBuildConfiguration; name = Release; buildSettings = {CLANG_ENABLE_MODULES = YES; IPHONEOS_DEPLOYMENT_TARGET = 26.0; SDKROOT = iphoneos; SWIFT_VERSION = 6.0; SWIFT_OPTIMIZATION_LEVEL = "-O"; DEBUG_INFORMATION_FORMAT = "dwarf-with-dsym"; }; };
        A00000000000000000000014 = {isa = XCBuildConfiguration; name = Debug; buildSettings = {CODE_SIGN_STYLE = Automatic; CODE_SIGN_ENTITLEMENTS = AssistantPhone/AssistantPhone.entitlements; CURRENT_PROJECT_VERSION = 1; GENERATE_INFOPLIST_FILE = NO; INFOPLIST_FILE = AssistantPhone/Info.plist; MARKETING_VERSION = 0.1; PRODUCT_BUNDLE_IDENTIFIER = com.pranavdulepet.LocalAssistantPhone; PRODUCT_NAME = "$(TARGET_NAME)"; SWIFT_ACTIVE_COMPILATION_CONDITIONS = DEBUG; SUPPORTS_MACCATALYST = NO; TARGETED_DEVICE_FAMILY = 1; }; };
        A00000000000000000000015 = {isa = XCBuildConfiguration; name = Release; buildSettings = {CODE_SIGN_STYLE = Automatic; CODE_SIGN_ENTITLEMENTS = AssistantPhone/AssistantPhone.entitlements; CURRENT_PROJECT_VERSION = 1; GENERATE_INFOPLIST_FILE = NO; INFOPLIST_FILE = AssistantPhone/Info.plist; MARKETING_VERSION = 0.1; PRODUCT_BUNDLE_IDENTIFIER = com.pranavdulepet.LocalAssistantPhone; PRODUCT_NAME = "$(TARGET_NAME)"; SUPPORTS_MACCATALYST = NO; TARGETED_DEVICE_FAMILY = 1; }; };
        A00000000000000000000020 = {isa = PBXFileReference; lastKnownFileType = sourcecode.swift; path = AssistantPhoneApp.swift; sourceTree = "<group>"; };
        A00000000000000000000021 = {isa = PBXFileReference; lastKnownFileType = sourcecode.swift; path = AssistantView.swift; sourceTree = "<group>"; };
        A00000000000000000000022 = {isa = PBXFileReference; lastKnownFileType = sourcecode.swift; path = AssistantViewModel.swift; sourceTree = "<group>"; };
        A00000000000000000000023 = {isa = PBXFileReference; lastKnownFileType = text.plist.xml; path = Info.plist; sourceTree = "<group>"; };
        A00000000000000000000024 = {isa = PBXFileReference; lastKnownFileType = text.plist.entitlements; path = AssistantPhone.entitlements; sourceTree = "<group>"; };
        A00000000000000000000030 = {isa = XCLocalSwiftPackageReference; relativePath = ../..; };
        A00000000000000000000031 = {isa = XCSwiftPackageProductDependency; package = A00000000000000000000030; productName = LocalInference; };
        A00000000000000000000032 = {isa = XCSwiftPackageProductDependency; package = A00000000000000000000030; productName = AppleModelAdapter; };
        A00000000000000000000033 = {isa = XCSwiftPackageProductDependency; package = A00000000000000000000030; productName = PhoneContext; };
        A00000000000000000000040 = {isa = PBXBuildFile; fileRef = A00000000000000000000020; };
        A00000000000000000000041 = {isa = PBXBuildFile; fileRef = A00000000000000000000021; };
        A00000000000000000000042 = {isa = PBXBuildFile; fileRef = A00000000000000000000022; };
        A00000000000000000000043 = {isa = PBXBuildFile; productRef = A00000000000000000000031; };
        A00000000000000000000044 = {isa = PBXBuildFile; productRef = A00000000000000000000032; };
        A00000000000000000000045 = {isa = PBXBuildFile; productRef = A00000000000000000000033; };
        A00000000000000000000050 = {isa = PBXNativeTarget; buildConfigurationList = A00000000000000000000055; buildPhases = (A00000000000000000000051, A00000000000000000000052); buildRules = (); dependencies = (A00000000000000000000060); name = AssistantPhoneUITests; productName = AssistantPhoneUITests; productReference = A00000000000000000000053; productType = "com.apple.product-type.bundle.ui-testing"; };
        A00000000000000000000051 = {isa = PBXSourcesBuildPhase; buildActionMask = 2147483647; files = (A00000000000000000000059); runOnlyForDeploymentPostprocessing = 0; };
        A00000000000000000000052 = {isa = PBXFrameworksBuildPhase; buildActionMask = 2147483647; files = (); runOnlyForDeploymentPostprocessing = 0; };
        A00000000000000000000053 = {isa = PBXFileReference; explicitFileType = wrapper.cfbundle; includeInIndex = 0; path = AssistantPhoneUITests.xctest; sourceTree = BUILT_PRODUCTS_DIR; };
        A00000000000000000000054 = {isa = PBXGroup; children = (A00000000000000000000058); path = AssistantPhoneUITests; sourceTree = "<group>"; };
        A00000000000000000000055 = {isa = XCConfigurationList; buildConfigurations = (A00000000000000000000056, A00000000000000000000057); defaultConfigurationIsVisible = 0; defaultConfigurationName = Release; };
        A00000000000000000000056 = {isa = XCBuildConfiguration; name = Debug; buildSettings = {CODE_SIGN_STYLE = Automatic; GENERATE_INFOPLIST_FILE = YES; PRODUCT_BUNDLE_IDENTIFIER = com.pranavdulepet.LocalAssistantPhoneUITests; PRODUCT_NAME = "$(TARGET_NAME)"; TEST_TARGET_NAME = AssistantPhone; TARGETED_DEVICE_FAMILY = 1; }; };
        A00000000000000000000057 = {isa = XCBuildConfiguration; name = Release; buildSettings = {CODE_SIGN_STYLE = Automatic; GENERATE_INFOPLIST_FILE = YES; PRODUCT_BUNDLE_IDENTIFIER = com.pranavdulepet.LocalAssistantPhoneUITests; PRODUCT_NAME = "$(TARGET_NAME)"; TEST_TARGET_NAME = AssistantPhone; TARGETED_DEVICE_FAMILY = 1; }; };
        A00000000000000000000058 = {isa = PBXFileReference; lastKnownFileType = sourcecode.swift; path = AssistantPhoneUITests.swift; sourceTree = "<group>"; };
        A00000000000000000000059 = {isa = PBXBuildFile; fileRef = A00000000000000000000058; };
        A00000000000000000000060 = {isa = PBXTargetDependency; target = A00000000000000000000002; targetProxy = A00000000000000000000061; };
        A00000000000000000000061 = {isa = PBXContainerItemProxy; containerPortal = A00000000000000000000001; proxyType = 1; remoteGlobalIDString = A00000000000000000000002; remoteInfo = AssistantPhone; };
    };
    rootObject = A00000000000000000000001;
}
